
Microsoft Visual Studio Solution File, Format Version 12.00
# Visual Studio Version 17
VisualStudioVersion = 17.0.32112.339
MinimumVisualStudioVersion = 10.0.40219.1
Project("{FAE04EC0-301F-11D3-BF4B-00C04F79EFBC}") = "H1 Mehtods-Files 7", "H1 Mehtods-Files 7\H1 Mehtods-Files 7.csproj", "{D6C524FF-638C-452A-8F58-D6D69DBAB8AB}"
EndProject
Global
	GlobalSection(SolutionConfigurationPlatforms) = preSolution
		Debug|Any CPU = Debug|Any CPU
		Release|Any CPU = Release|Any CPU
	EndGlobalSection
	GlobalSection(ProjectConfigurationPlatforms) = postSolution
		{D6C524FF-638C-452A-8F58-D6D69DBAB8AB}.Debug|Any CPU.ActiveCfg = Debug|Any CPU
		{D6C524FF-638C-452A-8F58-D6D69DBAB8AB}.Debug|Any CPU.Build.0 = Debug|Any CPU
		{D6C524FF-638C-452A-8F58-D6D69DBAB8AB}.Release|Any CPU.ActiveCfg = Release|Any CPU
		{D6C524FF-638C-452A-8F58-D6D69DBAB8AB}.Release|Any CPU.Build.0 = Release|Any CPU
	EndGlobalSection
	GlobalSection(SolutionProperties) = preSolution
		HideSolutionNode = FALSE
	EndGlobalSection
	GlobalSection(ExtensibilityGlobals) = postSolution
		SolutionGuid = {2824C5E8-91C3-48DF-901C-1D34DFFC617E}
	EndGlobalSection
EndGlobal
